
Microsoft Visual Studio Solution File, Format Version 12.00
# Visual Studio Version 16
VisualStudioVersion = 16.0.31702.278
MinimumVisualStudioVersion = 10.0.40219.1
Project("{FAE04EC0-301F-11D3-BF4B-00C04F79EFBC}") = "PhotoSorter", "PhotoSorter\PhotoSorter.csproj", "{1E58FEFA-8A27-4DDE-BFCB-53D572C0246B}"
EndProject
Global
	GlobalSection(SolutionConfigurationPlatforms) = preSolution
		Debug|Any CPU = Debug|Any CPU
		Release|Any CPU = Release|Any CPU
	EndGlobalSection
	GlobalSection(ProjectConfigurationPlatforms) = postSolution
		{1E58FEFA-8A27-4DDE-BFCB-53D572C0246B}.Debug|Any CPU.ActiveCfg = Debug|Any CPU
		{1E58FEFA-8A27-4DDE-BFCB-53D572C0246B}.Debug|Any CPU.Build.0 = Debug|Any CPU
		{1E58FEFA-8A27-4DDE-BFCB-53D572C0246B}.Release|Any CPU.ActiveCfg = Release|Any CPU
		{1E58FEFA-8A27-4DDE-BFCB-53D572C0246B}.Release|Any CPU.Build.0 = Release|Any CPU
	EndGlobalSection
	GlobalSection(SolutionProperties) = preSolution
		HideSolutionNode = FALSE
	EndGlobalSection
	GlobalSection(ExtensibilityGlobals) = postSolution
		SolutionGuid = {E36741A4-CA2E-4704-875F-D5A3B96BF55A}
	EndGlobalSection
EndGlobal
